// !$*UTF8*$!
{
	archiveVersion = 1;
	classes = {
	};
	objectVersion = 46;
	objects = {

/* Begin PBXBuildFile section */
		603F997D1EDA350E00BE7151 /* AppDelegate.swift in Sources */ = {isa = PBXBuildFile; fileRef = 603F997C1EDA350E00BE7151 /* AppDelegate.swift */; };
		603F997F1EDA350E00BE7151 /* ViewController.swift in Sources */ = {isa = PBXBuildFile; fileRef = 603F997E1EDA350E00BE7151 /* ViewController.swift */; };
		603F99821EDA350E00BE7151 /* Main.storyboard in Resources */ = {isa = PBXBuildFile; fileRef = 603F99801EDA350E00BE7151 /* Main.storyboard */; };
		603F99841EDA350E00BE7151 /* Assets.xcassets in Resources */ = {isa = PBXBuildFile; fileRef = 603F99831EDA350E00BE7151 /* Assets.xcassets */; };
		603F99871EDA350E00BE7151 /* LaunchScreen.storyboard in Resources */ = {isa = PBXBuildFile; fileRef = 603F99851EDA350E00BE7151 /* LaunchScreen.storyboard */; };
		603F99921EDA351000BE7151 /* CINEMA_iOSTests.swift in Sources */ = {isa = PBXBuildFile; fileRef = 603F99911EDA351000BE7151 /* CINEMA_iOSTests.swift */; };
		603F999D1EDA351000BE7151 /* CINEMA_iOSUITests.swift in Sources */ = {isa = PBXBuildFile; fileRef = 603F999C1EDA351000BE7151 /* CINEMA_iOSUITests.swift */; };
		75031C681EDF35F4005FAED4 /* GoogleService-Info.plist in Resources */ = {isa = PBXBuildFile; fileRef = 75031C671EDF35F4005FAED4 /* GoogleService-Info.plist */; };
		82BE6390A08EA868407FAA5F /* Pods_CINEMA_iOS.framework in Frameworks */ = {isa = PBXBuildFile; fileRef = 8E9A11E8D21108F998CB3022 /* Pods_CINEMA_iOS.framework */; };
/* End PBXBuildFile section */

/* Begin PBXContainerItemProxy section */
		603F998E1EDA351000BE7151 /* PBXContainerItemProxy */ = {
			isa = PBXContainerItemProxy;
			containerPortal = 603F99711EDA350D00BE7151 /* Project object */;
			proxyType = 1;
			remoteGlobalIDString = 603F99781EDA350D00BE7151;
			remoteInfo = "CINEMA iOS";
		};
		603F99991EDA351000BE7151 /* PBXContainerItemProxy */ = {
			isa = PBXContainerItemProxy;
			containerPortal = 603F99711EDA350D00BE7151 /* Project object */;
			proxyType = 1;
			remoteGlobalIDString = 603F99781EDA350D00BE7151;
			remoteInfo = "CINEMA iOS";
		};
/* End PBXContainerItemProxy section */

/* Begin PBXFileReference section */
		1D5613B39D67E07A72DDD3E0 /* Pods-CINEMA iOS.release.xcconfig */ = {isa = PBXFileReference; includeInIndex = 1; lastKnownFileType = text.xcconfig; name = "Pods-CINEMA iOS.release.xcconfig"; path = "Pods/Target Support Files/Pods-CINEMA iOS/Pods-CINEMA iOS.release.xcconfig"; sourceTree = "<group>"; };
		603F99791EDA350D00BE7151 /* CINEMA iOS.app */ = {isa = PBXFileReference; explicitFileType = wrapper.application; includeInIndex = 0; path = "CINEMA iOS.app"; sourceTree = BUILT_PRODUCTS_DIR; };
		603F997C1EDA350E00BE7151 /* AppDelegate.swift */ = {isa = PBXFileReference; lastKnownFileType = sourcecode.swift; path = AppDelegate.swift; sourceTree = "<group>"; };
		603F997E1EDA350E00BE7151 /* ViewController.swift */ = {isa = PBXFileReference; lastKnownFileType = sourcecode.swift; path = ViewController.swift; sourceTree = "<group>"; };
		603F99811EDA350E00BE7151 /* Base */ = {isa = PBXFileReference; lastKnownFileType = file.storyboard; name = Base; path = Base.lproj/Main.storyboard; sourceTree = "<group>"; };
		603F99831EDA350E00BE7151 /* Assets.xcassets */ = {isa = PBXFileReference; lastKnownFileType = folder.assetcatalog; path = Assets.xcassets; sourceTree = "<group>"; };
		603F99861EDA350E00BE7151 /* Base */ = {isa = PBXFileReference; lastKnownFileType = file.storyboard; name = Base; path = Base.lproj/LaunchScreen.storyboard; sourceTree = "<group>"; };
		603F99881EDA350E00BE7151 /* Info.plist */ = {isa = PBXFileReference; lastKnownFileType = text.plist.xml; path = Info.plist; sourceTree = "<group>"; };
		603F998D1EDA351000BE7151 /* CINEMA iOSTests.xctest */ = {isa = PBXFileReference; explicitFileType = wrapper.cfbundle; includeInIndex = 0; path = "CINEMA iOSTests.xctest"; sourceTree = BUILT_PRODUCTS_DIR; };
		603F99911EDA351000BE7151 /* CINEMA_iOSTests.swift */ = {isa = PBXFileReference; lastKnownFileType = sourcecode.swift; path = CINEMA_iOSTests.swift; sourceTree = "<group>"; };
		603F99931EDA351000BE7151 /* Info.plist */ = {isa = PBXFileReference; lastKnownFileType = text.plist.xml; path = Info.plist; sourceTree = "<group>"; };
		603F99981EDA351000BE7151 /* CINEMA iOSUITests.xctest */ = {isa = PBXFileReference; explicitFileType = wrapper.cfbundle; includeInIndex = 0; path = "CINEMA iOSUITests.xctest"; sourceTree = BUILT_PRODUCTS_DIR; };
		603F999C1EDA351000BE7151 /* CINEMA_iOSUITests.swift */ = {isa = PBXFileReference; lastKnownFileType = sourcecode.swift; path = CINEMA_iOSUITests.swift; sourceTree = "<group>"; };
		603F999E1EDA351000BE7151 /* Info.plist */ = {isa = PBXFileReference; lastKnownFileType = text.plist.xml; path = Info.plist; sourceTree = "<group>"; };
		7203CD270071E91A944BB724 /* Pods-CINEMA iOS.debug.xcconfig */ = {isa = PBXFileReference; includeInIndex = 1; lastKnownFileType = text.xcconfig; name = "Pods-CINEMA iOS.debug.xcconfig"; path = "Pods/Target Support Files/Pods-CINEMA iOS/Pods-CINEMA iOS.debug.xcconfig"; sourceTree = "<group>"; };
		75031C671EDF35F4005FAED4 /* GoogleService-Info.plist */ = {isa = PBXFileReference; fileEncoding = 4; lastKnownFileType = text.plist.xml; path = "GoogleService-Info.plist"; sourceTree = "<group>"; };
		8E9A11E8D21108F998CB3022 /* Pods_CINEMA_iOS.framework */ = {isa = PBXFileReference; explicitFileType = wrapper.framework; includeInIndex = 0; path = Pods_CINEMA_iOS.framework; sourceTree = BUILT_PRODUCTS_DIR; };
/* End PBXFileReference section */

/* Begin PBXFrameworksBuildPhase section */
		603F99761EDA350D00BE7151 /* Frameworks */ = {
			isa = PBXFrameworksBuildPhase;
			buildActionMask = 2147483647;
			files = (
				82BE6390A08EA868407FAA5F /* Pods_CINEMA_iOS.framework in Frameworks */,
			);
			runOnlyForDeploymentPostprocessing = 0;
		};
		603F998A1EDA351000BE7151 /* Frameworks */ = {
			isa = PBXFrameworksBuildPhase;
			buildActionMask = 2147483647;
			files = (
			);
			runOnlyForDeploymentPostprocessing = 0;
		};
		603F99951EDA351000BE7151 /* Frameworks */ = {
			isa = PBXFrameworksBuildPhase;
			buildActionMask = 2147483647;
			files = (
			);
			runOnlyForDeploymentPostprocessing = 0;
		};
/* End PBXFrameworksBuildPhase section */

/* Begin PBXGroup section */
		1CCA3A940949CBC7C0A4C3D9 /* Frameworks */ = {
			isa = PBXGroup;
			children = (
				8E9A11E8D21108F998CB3022 /* Pods_CINEMA_iOS.framework */,
			);
			name = Frameworks;
			sourceTree = "<group>";
		};
		603F99701EDA350D00BE7151 = {
			isa = PBXGroup;
			children = (
				603F997B1EDA350D00BE7151 /* CINEMA iOS */,
				603F99901EDA351000BE7151 /* CINEMA iOSTests */,
				603F999B1EDA351000BE7151 /* CINEMA iOSUITests */,
				603F997A1EDA350D00BE7151 /* Products */,
				AD1B3172AB593AFA7FDD91D6 /* Pods */,
				1CCA3A940949CBC7C0A4C3D9 /* Frameworks */,
			);
			sourceTree = "<group>";
		};
		603F997A1EDA350D00BE7151 /* Products */ = {
			isa = PBXGroup;
			children = (
				603F99791EDA350D00BE7151 /* CINEMA iOS.app */,
				603F998D1EDA351000BE7151 /* CINEMA iOSTests.xctest */,
				603F99981EDA351000BE7151 /* CINEMA iOSUITests.xctest */,
			);
			name = Products;
			sourceTree = "<group>";
		};
		603F997B1EDA350D00BE7151 /* CINEMA iOS */ = {
			isa = PBXGroup;
			children = (
				603F997C1EDA350E00BE7151 /* AppDelegate.swift */,
				603F997E1EDA350E00BE7151 /* ViewController.swift */,
				603F99801EDA350E00BE7151 /* Main.storyboard */,
				603F99831EDA350E00BE7151 /* Assets.xcassets */,
				603F99851EDA350E00BE7151 /* LaunchScreen.storyboard */,
				75031C671EDF35F4005FAED4 /* GoogleService-Info.plist */,
				603F99881EDA350E00BE7151 /* Info.plist */,
			);
			path = "CINEMA iOS";
			sourceTree = "<group>";
		};
		603F99901EDA351000BE7151 /* CINEMA iOSTests */ = {
			isa = PBXGroup;
			children = (
				603F99911EDA351000BE7151 /* CINEMA_iOSTests.swift */,
				603F99931EDA351000BE7151 /* Info.plist */,
			);
			path = "CINEMA iOSTests";
			sourceTree = "<group>";
		};
		603F999B1EDA351000BE7151 /* CINEMA iOSUITests */ = {
			isa = PBXGroup;
			children = (
				603F999C1EDA351000BE7151 /* CINEMA_iOSUITests.swift */,
				603F999E1EDA351000BE7151 /* Info.plist */,
			);
			path = "CINEMA iOSUITests";
			sourceTree = "<group>";
		};
		AD1B3172AB593AFA7FDD91D6 /* Pods */ = {
			isa = PBXGroup;
			children = (
				7203CD270071E91A944BB724 /* Pods-CINEMA iOS.debug.xcconfig */,
				1D5613B39D67E07A72DDD3E0 /* Pods-CINEMA iOS.release.xcconfig */,
			);
			name = Pods;
			sourceTree = "<group>";
		};
/* End PBXGroup section */

/* Begin PBXNativeTarget section */
		603F99781EDA350D00BE7151 /* CINEMA iOS */ = {
			isa = PBXNativeTarget;
			buildConfigurationList = 603F99A11EDA351000BE7151 /* Build configuration list for PBXNativeTarget "CINEMA iOS" */;
			buildPhases = (
				D614A01FA4209E7D8024737B /* [CP] Check Pods Manifest.lock */,
				603F99751EDA350D00BE7151 /* Sources */,
				603F99761EDA350D00BE7151 /* Frameworks */,
				603F99771EDA350D00BE7151 /* Resources */,
				B1E85BC9D61DFAE43CB8ADFB /* [CP] Embed Pods Frameworks */,
				94F7DCF50819694CA6C19BEC /* [CP] Copy Pods Resources */,
			);
			buildRules = (
			);
			dependencies = (
			);
			name = "CINEMA iOS";
			productName = "CINEMA iOS";
			productReference = 603F99791EDA350D00BE7151 /* CINEMA iOS.app */;
			productType = "com.apple.product-type.application";
		};
		603F998C1EDA351000BE7151 /* CINEMA iOSTests */ = {
			isa = PBXNativeTarget;
			buildConfigurationList = 603F99A41EDA351000BE7151 /* Build configuration list for PBXNativeTarget "CINEMA iOSTests" */;
			buildPhases = (
				603F99891EDA351000BE7151 /* Sources */,
				603F998A1EDA351000BE7151 /* Frameworks */,
				603F998B1EDA351000BE7151 /* Resources */,
			);
			buildRules = (
			);
			dependencies = (
				603F998F1EDA351000BE7151 /* PBXTargetDependency */,
			);
			name = "CINEMA iOSTests";
			productName = "CINEMA iOSTests";
			productReference = 603F998D1EDA351000BE7151 /* CINEMA iOSTests.xctest */;
			productType = "com.apple.product-type.bundle.unit-test";
		};
		603F99971EDA351000BE7151 /* CINEMA iOSUITests */ = {
			isa = PBXNativeTarget;
			buildConfigurationList = 603F99A71EDA351000BE7151 /* Build configuration list for PBXNativeTarget "CINEMA iOSUITests" */;
			buildPhases = (
				603F99941EDA351000BE7151 /* Sources */,
				603F99951EDA351000BE7151 /* Frameworks */,
				603F99961EDA351000BE7151 /* Resources */,
			);
			buildRules = (
			);
			dependencies = (
				603F999A1EDA351000BE7151 /* PBXTargetDependency */,
			);
			name = "CINEMA iOSUITests";
			productName = "CINEMA iOSUITests";
			productReference = 603F99981EDA351000BE7151 /* CINEMA iOSUITests.xctest */;
			productType = "com.apple.product-type.bundle.ui-testing";
		};
/* End PBXNativeTarget section */

/* Begin PBXProject section */
		603F99711EDA350D00BE7151 /* Project object */ = {
			isa = PBXProject;
			attributes = {
				LastSwiftUpdateCheck = 0830;
				LastUpgradeCheck = 0830;
				ORGANIZATIONNAME = healer;
				TargetAttributes = {
					603F99781EDA350D00BE7151 = {
						CreatedOnToolsVersion = 8.3.1;
						ProvisioningStyle = Automatic;
					};
					603F998C1EDA351000BE7151 = {
						CreatedOnToolsVersion = 8.3.1;
						ProvisioningStyle = Automatic;
						TestTargetID = 603F99781EDA350D00BE7151;
					};
					603F99971EDA351000BE7151 = {
						CreatedOnToolsVersion = 8.3.1;
						ProvisioningStyle = Automatic;
						TestTargetID = 603F99781EDA350D00BE7151;
					};
				};
			};
			buildConfigurationList = 603F99741EDA350D00BE7151 /* Build configuration list for PBXProject "CINEMA iOS" */;
			compatibilityVersion = "Xcode 3.2";
			developmentRegion = English;
			hasScannedForEncodings = 0;
			knownRegions = (
				en,
				Base,
			);
			mainGroup = 603F99701EDA350D00BE7151;
			productRefGroup = 603F997A1EDA350D00BE7151 /* Products */;
			projectDirPath = "";
			projectRoot = "";
			targets = (
				603F99781EDA350D00BE7151 /* CINEMA iOS */,
				603F998C1EDA351000BE7151 /* CINEMA iOSTests */,
				603F99971EDA351000BE7151 /* CINEMA iOSUITests */,
			);
		};
/* End PBXProject section */

/* Begin PBXResourcesBuildPhase section */
		603F99771EDA350D00BE7151 /* Resources */ = {
			isa = PBXResourcesBuildPhase;
			buildActionMask = 2147483647;
			files = (
				603F99871EDA350E00BE7151 /* LaunchScreen.storyboard in Resources */,
				75031C681EDF35F4005FAED4 /* GoogleService-Info.plist in Resources */,
				603F99841EDA350E00BE7151 /* Assets.xcassets in Resources */,
				603F99821EDA350E00BE7151 /* Main.storyboard in Resources */,
			);
			runOnlyForDeploymentPostprocessing = 0;
		};
		603F998B1EDA351000BE7151 /* Resources */ = {
			isa = PBXResourcesBuildPhase;
			buildActionMask = 2147483647;
			files = (
			);
			runOnlyForDeploymentPostprocessing = 0;
		};
		603F99961EDA351000BE7151 /* Resources */ = {
			isa = PBXResourcesBuildPhase;
			buildActionMask = 2147483647;
			files = (
			);
			runOnlyForDeploymentPostprocessing = 0;
		};
/* End PBXResourcesBuildPhase section */

/* Begin PBXShellScriptBuildPhase section */
		94F7DCF50819694CA6C19BEC /* [CP] Copy Pods Resources */ = {
			isa = PBXShellScriptBuildPhase;
			buildActionMask = 2147483647;
			files = (
			);
			inputPaths = (
			);
			name = "[CP] Copy Pods Resources";
			outputPaths = (
			);
			runOnlyForDeploymentPostprocessing = 0;
			shellPath = /bin/sh;
			shellScript = "\"${SRCROOT}/Pods/Target Support Files/Pods-CINEMA iOS/Pods-CINEMA iOS-resources.sh\"\n";
			showEnvVarsInLog = 0;
		};
		B1E85BC9D61DFAE43CB8ADFB /* [CP] Embed Pods Frameworks */ = {
			isa = PBXShellScriptBuildPhase;
			buildActionMask = 2147483647;
			files = (
			);
			inputPaths = (
			);
			name = "[CP] Embed Pods Frameworks";
			outputPaths = (
			);
			runOnlyForDeploymentPostprocessing = 0;
			shellPath = /bin/sh;
			shellScript = "\"${SRCROOT}/Pods/Target Support Files/Pods-CINEMA iOS/Pods-CINEMA iOS-frameworks.sh\"\n";
			showEnvVarsInLog = 0;
		};
		D614A01FA4209E7D8024737B /* [CP] Check Pods Manifest.lock */ = {
			isa = PBXShellScriptBuildPhase;
			buildActionMask = 2147483647;
			files = (
			);
			inputPaths = (
			);
			name = "[CP] Check Pods Manifest.lock";
			outputPaths = (
			);
			runOnlyForDeploymentPostprocessing = 0;
			shellPath = /bin/sh;
			shellScript = "diff \"${PODS_PODFILE_DIR_PATH}/Podfile.lock\" \"${PODS_ROOT}/Manifest.lock\" > /dev/null\nif [ $? != 0 ] ; then\n    # print error to STDERR\n    echo \"error: The sandbox is not in sync with the Podfile.lock. Run 'pod install' or update your CocoaPods installation.\" >&2\n    exit 1\nfi\n";
			showEnvVarsInLog = 0;
		};
/* End PBXShellScriptBuildPhase section */

/* Begin PBXSourcesBuildPhase section */
		603F99751EDA350D00BE7151 /* Sources */ = {
			isa = PBXSourcesBuildPhase;
			buildActionMask = 2147483647;
			files = (
				603F997F1EDA350E00BE7151 /* ViewController.swift in Sources */,
				603F997D1EDA350E00BE7151 /* AppDelegate.swift in Sources */,
			);
			runOnlyForDeploymentPostprocessing = 0;
		};
		603F99891EDA351000BE7151 /* Sources */ = {
			isa = PBXSourcesBuildPhase;
			buildActionMask = 2147483647;
			files = (
				603F99921EDA351000BE7151 /* CINEMA_iOSTests.swift in Sources */,
			);
			runOnlyForDeploymentPostprocessing = 0;
		};
		603F99941EDA351000BE7151 /* Sources */ = {
			isa = PBXSourcesBuildPhase;
			buildActionMask = 2147483647;
			files = (
				603F999D1EDA351000BE7151 /* CINEMA_iOSUITests.swift in Sources */,
			);
			runOnlyForDeploymentPostprocessing = 0;
		};
/* End PBXSourcesBuildPhase section */

/* Begin PBXTargetDependency section */
		603F998F1EDA351000BE7151 /* PBXTargetDependency */ = {
			isa = PBXTargetDependency;
			target = 603F99781EDA350D00BE7151 /* CINEMA iOS */;
			targetProxy = 603F998E1EDA351000BE7151 /* PBXContainerItemProxy */;
		};
		603F999A1EDA351000BE7151 /* PBXTargetDependency */ = {
			isa = PBXTargetDependency;
			target = 603F99781EDA350D00BE7151 /* CINEMA iOS */;
			targetProxy = 603F99991EDA351000BE7151 /* PBXContainerItemProxy */;
		};
/* End PBXTargetDependency section */

/* Begin PBXVariantGroup section */
		603F99801EDA350E00BE7151 /* Main.storyboard */ = {
			isa = PBXVariantGroup;
			children = (
				603F99811EDA350E00BE7151 /* Base */,
			);
			name = Main.storyboard;
			sourceTree = "<group>";
		};
		603F99851EDA350E00BE7151 /* LaunchScreen.storyboard */ = {
			isa = PBXVariantGroup;
			children = (
				603F99861EDA350E00BE7151 /* Base */,
			);
			name = LaunchScreen.storyboard;
			sourceTree = "<group>";
		};
/* End PBXVariantGroup section */

/* Begin XCBuildConfiguration section */
		603F999F1EDA351000BE7151 /* Debug */ = {
			isa = XCBuildConfiguration;
			buildSettings = {
				ALWAYS_SEARCH_USER_PATHS = NO;
				CLANG_ANALYZER_NONNULL = YES;
				CLANG_ANALYZER_NUMBER_OBJECT_CONVERSION = YES_AGGRESSIVE;
				CLANG_CXX_LANGUAGE_STANDARD = "gnu++0x";
				CLANG_CXX_LIBRARY = "libc++";
				CLANG_ENABLE_MODULES = YES;
				CLANG_ENABLE_OBJC_ARC = YES;
				CLANG_WARN_BOOL_CONVERSION = YES;
				CLANG_WARN_CONSTANT_CONVERSION = YES;
				CLANG_WARN_DIRECT_OBJC_ISA_USAGE = YES_ERROR;
				CLANG_WARN_DOCUMENTATION_COMMENTS = YES;
				CLANG_WARN_EMPTY_BODY = YES;
				CLANG_WARN_ENUM_CONVERSION = YES;
				CLANG_WARN_INFINITE_RECURSION = YES;
				CLANG_WARN_INT_CONVERSION = YES;
				CLANG_WARN_OBJC_ROOT_CLASS = YES_ERROR;
				CLANG_WARN_SUSPICIOUS_MOVE = YES;
				CLANG_WARN_UNREACHABLE_CODE = YES;
				CLANG_WARN__DUPLICATE_METHOD_MATCH = YES;
				"CODE_SIGN_IDENTITY[sdk=iphoneos*]" = "iPhone Developer";
				COPY_PHASE_STRIP = NO;
				DEBUG_INFORMATION_FORMAT = dwarf;
				ENABLE_STRICT_OBJC_MSGSEND = YES;
				ENABLE_TESTABILITY = YES;
				GCC_C_LANGUAGE_STANDARD = gnu99;
				GCC_DYNAMIC_NO_PIC = NO;
				GCC_NO_COMMON_BLOCKS = YES;
				GCC_OPTIMIZATION_LEVEL = 0;
				GCC_PREPROCESSOR_DEFINITIONS = (
					"DEBUG=1",
					"$(inherited)",
				);
				GCC_WARN_64_TO_32_BIT_CONVERSION = YES;
				GCC_WARN_ABOUT_RETURN_TYPE = YES_ERROR;
				GCC_WARN_UNDECLARED_SELECTOR = YES;
				GCC_WARN_UNINITIALIZED_AUTOS = YES_AGGRESSIVE;
				GCC_WARN_UNUSED_FUNCTION = YES;
				GCC_WARN_UNUSED_VARIABLE = YES;
				IPHONEOS_DEPLOYMENT_TARGET = 10.3;
				MTL_ENABLE_DEBUG_INFO = YES;
				ONLY_ACTIVE_ARCH = YES;
				SDKROOT = iphoneos;
				SWIFT_ACTIVE_COMPILATION_CONDITIONS = DEBUG;
				SWIFT_OPTIMIZATION_LEVEL = "-Onone";
				TARGETED_DEVICE_FAMILY = "1,2";
			};
			name = Debug;
		};
		603F99A01EDA351000BE7151 /* Release */ = {
			isa = XCBuildConfiguration;
			buildSettings = {
				ALWAYS_SEARCH_USER_PATHS = NO;
				CLANG_ANALYZER_NONNULL = YES;
				CLANG_ANALYZER_NUMBER_OBJECT_CONVERSION = YES_AGGRESSIVE;
				CLANG_CXX_LANGUAGE_STANDARD = "gnu++0x";
				CLANG_CXX_LIBRARY = "libc++";
				CLANG_ENABLE_MODULES = YES;
				CLANG_ENABLE_OBJC_ARC = YES;
				CLANG_WARN_BOOL_CONVERSION = YES;
				CLANG_WARN_CONSTANT_CONVERSION = YES;
				CLANG_WARN_DIRECT_OBJC_ISA_USAGE = YES_ERROR;
				CLANG_WARN_DOCUMENTATION_COMMENTS = YES;
				CLANG_WARN_EMPTY_BODY = YES;
				CLANG_WARN_ENUM_CONVERSION = YES;
				CLANG_WARN_INFINITE_RECURSION = YES;
				CLANG_WARN_INT_CONVERSION = YES;
				CLANG_WARN_OBJC_ROOT_CLASS = YES_ERROR;
				CLANG_WARN_SUSPICIOUS_MOVE = YES;
				CLANG_WARN_UNREACHABLE_CODE = YES;
				CLANG_WARN__DUPLICATE_METHOD_MATCH = YES;
				"CODE_SIGN_IDENTITY[sdk=iphoneos*]" = "iPhone Developer";
				COPY_PHASE_STRIP = NO;
				DEBUG_INFORMATION_FORMAT = "dwarf-with-dsym";
				ENABLE_NS_ASSERTIONS = NO;
				ENABLE_STRICT_OBJC_MSGSEND = YES;
				GCC_C_LANGUAGE_STANDARD = gnu99;
				GCC_NO_COMMON_BLOCKS = YES;
				GCC_WARN_64_TO_32_BIT_CONVERSION = YES;
				GCC_WARN_ABOUT_RETURN_TYPE = YES_ERROR;
				GCC_WARN_UNDECLARED_SELECTOR = YES;
				GCC_WARN_UNINITIALIZED_AUTOS = YES_AGGRESSIVE;
				GCC_WARN_UNUSED_FUNCTION = YES;
				GCC_WARN_UNUSED_VARIABLE = YES;
				IPHONEOS_DEPLOYMENT_TARGET = 10.3;
				MTL_ENABLE_DEBUG_INFO = NO;
				SDKROOT = iphoneos;
				SWIFT_OPTIMIZATION_LEVEL = "-Owholemodule";
				TARGETED_DEVICE_FAMILY = "1,2";
				VALIDATE_PRODUCT = YES;
			};
			name = Release;
		};
		603F99A21EDA351000BE7151 /* Debug */ = {
			isa = XCBuildConfiguration;
			baseConfigurationReference = 7203CD270071E91A944BB724 /* Pods-CINEMA iOS.debug.xcconfig */;
			buildSettings = {
				ASSETCATALOG_COMPILER_APPICON_NAME = AppIcon;
				INFOPLIST_FILE = "CINEMA iOS/Info.plist";
				LD_RUNPATH_SEARCH_PATHS = "$(inherited) @executable_path/Frameworks";
				PRODUCT_BUNDLE_IDENTIFIER = "com.healer.CINEMA-iOS";
				PRODUCT_NAME = "$(TARGET_NAME)";
				SWIFT_VERSION = 3.0;
			};
			name = Debug;
		};
		603F99A31EDA351000BE7151 /* Release */ = {
			isa = XCBuildConfiguration;
			baseConfigurationReference = 1D5613B39D67E07A72DDD3E0 /* Pods-CINEMA iOS.release.xcconfig */;
			buildSettings = {
				ASSETCATALOG_COMPILER_APPICON_NAME = AppIcon;
				INFOPLIST_FILE = "CINEMA iOS/Info.plist";
				LD_RUNPATH_SEARCH_PATHS = "$(inherited) @executable_path/Frameworks";
				PRODUCT_BUNDLE_IDENTIFIER = "com.healer.CINEMA-iOS";
				PRODUCT_NAME = "$(TARGET_NAME)";
				SWIFT_VERSION = 3.0;
			};
			name = Release;
		};
		603F99A51EDA351000BE7151 /* Debug */ = {
			isa = XCBuildConfiguration;
			buildSettings = {
				ALWAYS_EMBED_SWIFT_STANDARD_LIBRARIES = YES;
				BUNDLE_LOADER = "$(TEST_HOST)";
				INFOPLIST_FILE = "CINEMA iOSTests/Info.plist";
				LD_RUNPATH_SEARCH_PATHS = "$(inherited) @executable_path/Frameworks @loader_path/Frameworks";
				PRODUCT_BUNDLE_IDENTIFIER = "com.healer.CINEMA-iOSTests";
				PRODUCT_NAME = "$(TARGET_NAME)";
				SWIFT_VERSION = 3.0;
				TEST_HOST = "$(BUILT_PRODUCTS_DIR)/CINEMA iOS.app/CINEMA iOS";
			};
			name = Debug;
		};
		603F99A61EDA351000BE7151 /* Release */ = {
			isa = XCBuildConfiguration;
			buildSettings = {
				ALWAYS_EMBED_SWIFT_STANDARD_LIBRARIES = YES;
				BUNDLE_LOADER = "$(TEST_HOST)";
				INFOPLIST_FILE = "CINEMA iOSTests/Info.plist";
				LD_RUNPATH_SEARCH_PATHS = "$(inherited) @executable_path/Frameworks @loader_path/Frameworks";
				PRODUCT_BUNDLE_IDENTIFIER = "com.healer.CINEMA-iOSTests";
				PRODUCT_NAME = "$(TARGET_NAME)";
				SWIFT_VERSION = 3.0;
				TEST_HOST = "$(BUILT_PRODUCTS_DIR)/CINEMA iOS.app/CINEMA iOS";
			};
			name = Release;
		};
		603F99A81EDA351000BE7151 /* Debug */ = {
			isa = XCBuildConfiguration;
			buildSettings = {
				ALWAYS_EMBED_SWIFT_STANDARD_LIBRARIES = YES;
				INFOPLIST_FILE = "CINEMA iOSUITests/Info.plist";
				LD_RUNPATH_SEARCH_PATHS = "$(inherited) @executable_path/Frameworks @loader_path/Frameworks";
				PRODUCT_BUNDLE_IDENTIFIER = "com.healer.CINEMA-iOSUITests";
				PRODUCT_NAME = "$(TARGET_NAME)";
				SWIFT_VERSION = 3.0;
				TEST_TARGET_NAME = "CINEMA iOS";
			};
			name = Debug;
		};
		603F99A91EDA351000BE7151 /* Release */ = {
			isa = XCBuildConfiguration;
			buildSettings = {
				ALWAYS_EMBED_SWIFT_STANDARD_LIBRARIES = YES;
				INFOPLIST_FILE = "CINEMA iOSUITests/Info.plist";
				LD_RUNPATH_SEARCH_PATHS = "$(inherited) @executable_path/Frameworks @loader_path/Frameworks";
				PRODUCT_BUNDLE_IDENTIFIER = "com.healer.CINEMA-iOSUITests";
				PRODUCT_NAME = "$(TARGET_NAME)";
				SWIFT_VERSION = 3.0;
				TEST_TARGET_NAME = "CINEMA iOS";
			};
			name = Release;
		};
/* End XCBuildConfiguration section */

/* Begin XCConfigurationList section */
		603F99741EDA350D00BE7151 /* Build configuration list for PBXProject "CINEMA iOS" */ = {
			isa = XCConfigurationList;
			buildConfigurations = (
				603F999F1EDA351000BE7151 /* Debug */,
				603F99A01EDA351000BE7151 /* Release */,
			);
			defaultConfigurationIsVisible = 0;
			defaultConfigurationName = Release;
		};
		603F99A11EDA351000BE7151 /* Build configuration list for PBXNativeTarget "CINEMA iOS" */ = {
			isa = XCConfigurationList;
			buildConfigurations = (
				603F99A21EDA351000BE7151 /* Debug */,
				603F99A31EDA351000BE7151 /* Release */,
			);
			defaultConfigurationIsVisible = 0;
			defaultConfigurationName = Release;
		};
		603F99A41EDA351000BE7151 /* Build configuration list for PBXNativeTarget "CINEMA iOSTests" */ = {
			isa = XCConfigurationList;
			buildConfigurations = (
				603F99A51EDA351000BE7151 /* Debug */,
				603F99A61EDA351000BE7151 /* Release */,
			);
			defaultConfigurationIsVisible = 0;
			defaultConfigurationName = Release;
		};
		603F99A71EDA351000BE7151 /* Build configuration list for PBXNativeTarget "CINEMA iOSUITests" */ = {
			isa = XCConfigurationList;
			buildConfigurations = (
				603F99A81EDA351000BE7151 /* Debug */,
				603F99A91EDA351000BE7151 /* Release */,
			);
			defaultConfigurationIsVisible = 0;
			defaultConfigurationName = Release;
		};
/* End XCConfigurationList section */
	};
	rootObject = 603F99711EDA350D00BE7151 /* Project object */;
}
